
Microsoft Visual Studio Solution File, Format Version 12.00
# Visual Studio Version 16
VisualStudioVersion = 16.0.30717.126
MinimumVisualStudioVersion = 10.0.40219.1
Project("{FAE04EC0-301F-11D3-BF4B-00C04F79EFBC}") = "TrainInformation", "TrainInformation\TrainInformation.csproj", "{D8C16F41-6B93-4019-8F96-DE222D2EA72D}"
EndProject
Global
	GlobalSection(SolutionConfigurationPlatforms) = preSolution
		Debug|Any CPU = Debug|Any CPU
		Release|Any CPU = Release|Any CPU
	EndGlobalSection
	GlobalSection(ProjectConfigurationPlatforms) = postSolution
		{D8C16F41-6B93-4019-8F96-DE222D2EA72D}.Debug|Any CPU.ActiveCfg = Debug|Any CPU
		{D8C16F41-6B93-4019-8F96-DE222D2EA72D}.Debug|Any CPU.Build.0 = Debug|Any CPU
		{D8C16F41-6B93-4019-8F96-DE222D2EA72D}.Release|Any CPU.ActiveCfg = Release|Any CPU
		{D8C16F41-6B93-4019-8F96-DE222D2EA72D}.Release|Any CPU.Build.0 = Release|Any CPU
	EndGlobalSection
	GlobalSection(SolutionProperties) = preSolution
		HideSolutionNode = FALSE
	EndGlobalSection
	GlobalSection(ExtensibilityGlobals) = postSolution
		SolutionGuid = {06FD475F-B852-4E00-97A8-6B8112487CB9}
	EndGlobalSection
EndGlobal
